
Microsoft Visual Studio Solution File, Format Version 12.00
# Visual Studio Version 16
VisualStudioVersion = 16.0.30011.22
MinimumVisualStudioVersion = 10.0.40219.1
Project("{FAE04EC0-301F-11D3-BF4B-00C04F79EFBC}") = "PasswordGenerator", "PasswordGenerator\PasswordGenerator.csproj", "{9FBABE0A-DF8E-4E94-B9D2-9EDEC1CAC953}"
EndProject
Global
	GlobalSection(SolutionConfigurationPlatforms) = preSolution
		Debug|Any CPU = Debug|Any CPU
		Release|Any CPU = Release|Any CPU
	EndGlobalSection
	GlobalSection(ProjectConfigurationPlatforms) = postSolution
		{9FBABE0A-DF8E-4E94-B9D2-9EDEC1CAC953}.Debug|Any CPU.ActiveCfg = Debug|Any CPU
		{9FBABE0A-DF8E-4E94-B9D2-9EDEC1CAC953}.Debug|Any CPU.Build.0 = Debug|Any CPU
		{9FBABE0A-DF8E-4E94-B9D2-9EDEC1CAC953}.Release|Any CPU.ActiveCfg = Release|Any CPU
		{9FBABE0A-DF8E-4E94-B9D2-9EDEC1CAC953}.Release|Any CPU.Build.0 = Release|Any CPU
	EndGlobalSection
	GlobalSection(SolutionProperties) = preSolution
		HideSolutionNode = FALSE
	EndGlobalSection
	GlobalSection(ExtensibilityGlobals) = postSolution
		SolutionGuid = {9FC8D458-2B18-44EE-A58B-79A6BFF6D474}
	EndGlobalSection
EndGlobal
